<?xml version="1.0" encoding="UTF-8" standalone="yes" ?>
<CodeBlocks_project_file>
	<FileVersion major="1" minor="6" />
	<Project>
		<Option title="Hunta 2" />
		<Option pch_mode="2" />
		<Option compiler="gcc" />
		<Build>
			<Target title="Debug">
				<Option output="bin/Debug/Hunta2" prefix_auto="1" extension_auto="1" />
				<Option object_output="obj/Debug/" />
				<Option type="1" />
				<Option compiler="gcc" />
				<Option parameters="f" />
				<Compiler>
					<Add option="-g" />
					<Add directory="src" />
					<Add directory="include" />
				</Compiler>
				<Linker>
					<Add option="-lSDL2 -lSDL2_image -lSDL2_ttf -llua5.1 -ldl" />
				</Linker>
			</Target>
			<Target title="Release">
				<Option output="bin/Release/Hunta2" prefix_auto="1" extension_auto="1" />
				<Option object_output="obj/Release/" />
				<Option type="1" />
				<Option compiler="gcc" />
				<Option parameters="f" />
				<Compiler>
					<Add option="-O2" />
					<Add directory="src" />
					<Add directory="include" />
				</Compiler>
				<Linker>
					<Add option="-s" />
					<Add option="-lSDL2 -lSDL2_image -lSDL2_ttf -llua5.1 -ldl" />
				</Linker>
			</Target>
			<Target title="Debug Windows">
				<Option output="bin/Debug/Hunta2" prefix_auto="1" extension_auto="1" />
				<Option object_output="obj/Debug/" />
				<Option type="1" />
				<Option compiler="gcc" />
				<Compiler>
					<Add option="-g" />
					<Add directory="src" />
					<Add directory="include" />
				</Compiler>
				<Linker>
					<Add option="-lSDL2main -lSDL2 -lSDL2_image -lSDL2_ttf -llua51" />
					<Add directory="lib/x86" />
					<Add directory="lib/lua" />
				</Linker>
			</Target>
			<Target title="Release Windows">
				<Option output="bin/Release/Hunta2" prefix_auto="1" extension_auto="1" />
				<Option object_output="obj/Release/" />
				<Option type="1" />
				<Option compiler="gcc" />
				<Compiler>
					<Add option="-O2" />
					<Add directory="src" />
					<Add directory="include" />
				</Compiler>
				<Linker>
					<Add option="-s" />
					<Add option="-lSDL2main -lSDL2 -lSDL2_image -lSDL2_ttf -llua51" />
					<Add directory="lib/x86" />
					<Add directory="lib/lua" />
				</Linker>
			</Target>
		</Build>
		<Compiler>
			<Add option="-pedantic" />
			<Add option="-std=c++11" />
			<Add option="-Wextra" />
			<Add option="-Wall" />
		</Compiler>
		<Unit filename="data/fireball.png" />
		<Unit filename="data/frame.png" />
		<Unit filename="data/grass.png" />
		<Unit filename="data/ground.png" />
		<Unit filename="data/stick.png" />
		<Unit filename="data/stickman.png" />
		<Unit filename="data/water.png" />
		<Unit filename="src/Camera.cpp" />
		<Unit filename="src/Camera.hpp" />
		<Unit filename="src/Character.cpp" />
		<Unit filename="src/Character.hpp" />
		<Unit filename="src/Editor.cpp" />
		<Unit filename="src/Editor.hpp" />
		<Unit filename="src/Enemy.cpp" />
		<Unit filename="src/Enemy.hpp" />
		<Unit filename="src/EntityCreator.cpp" />
		<Unit filename="src/EntityCreator.hpp" />
		<Unit filename="src/EntitySystem.cpp" />
		<Unit filename="src/EntitySystem.hpp" />
		<Unit filename="src/Environment.cpp" />
		<Unit filename="src/Environment.hpp" />
		<Unit filename="src/GPhysics.cpp" />
		<Unit filename="src/GPhysics.hpp" />
		<Unit filename="src/Game.cpp" />
		<Unit filename="src/Game.hpp" />
		<Unit filename="src/Global.cpp" />
		<Unit filename="src/Global.hpp" />
		<Unit filename="src/HealthBar.cpp" />
		<Unit filename="src/HealthBar.hpp" />
		<Unit filename="src/Icon.cpp" />
		<Unit filename="src/Icon.hpp" />
		<Unit filename="src/InGame.cpp" />
		<Unit filename="src/InGame.hpp" />
		<Unit filename="src/Inventory.cpp" />
		<Unit filename="src/Inventory.hpp" />
		<Unit filename="src/Item.cpp" />
		<Unit filename="src/Item.hpp" />
		<Unit filename="src/ItemManager.cpp" />
		<Unit filename="src/ItemManager.hpp" />
		<Unit filename="src/KeyboardController.cpp" />
		<Unit filename="src/KeyboardController.hpp" />
		<Unit filename="src/LTimer.cpp" />
		<Unit filename="src/LTimer.hpp" />
		<Unit filename="src/LuaInterface.cpp" />
		<Unit filename="src/LuaInterface.hpp" />
		<Unit filename="src/MainMenu.cpp" />
		<Unit filename="src/MainMenu.hpp" />
		<Unit filename="src/Map.cpp" />
		<Unit filename="src/Map.hpp" />
		<Unit filename="src/MapController.cpp" />
		<Unit filename="src/MapController.hpp" />
		<Unit filename="src/Melee.cpp" />
		<Unit filename="src/Melee.hpp" />
		<Unit filename="src/MouseController.cpp" />
		<Unit filename="src/MouseController.hpp" />
		<Unit filename="src/PlayerController.cpp" />
		<Unit filename="src/PlayerController.hpp" />
		<Unit filename="src/Position.cpp" />
		<Unit filename="src/Position.hpp" />
		<Unit filename="src/Projectile.cpp" />
		<Unit filename="src/Projectile.hpp" />
		<Unit filename="src/Ranged.cpp" />
		<Unit filename="src/Ranged.hpp" />
		<Unit filename="src/Screen.cpp" />
		<Unit filename="src/Screen.hpp" />
		<Unit filename="src/Shape.cpp" />
		<Unit filename="src/Shape.hpp" />
		<Unit filename="src/Sound.cpp" />
		<Unit filename="src/Sound.hpp" />
		<Unit filename="src/Texture.cpp" />
		<Unit filename="src/Texture.hpp" />
		<Unit filename="src/TextureManager.cpp" />
		<Unit filename="src/TextureManager.hpp" />
		<Unit filename="src/Tile.cpp" />
		<Unit filename="src/Tile.hpp" />
		<Unit filename="src/Weapon.cpp" />
		<Unit filename="src/Weapon.hpp" />
		<Unit filename="src/main.cpp" />
		<Extensions>
			<code_completion />
			<debugger />
		</Extensions>
	</Project>
</CodeBlocks_project_file>
